
Microsoft Visual Studio Solution File, Format Version 12.00
# Visual Studio Version 16
VisualStudioVersion = 16.0.31025.194
MinimumVisualStudioVersion = 10.0.40219.1
Project("{FAE04EC0-301F-11D3-BF4B-00C04F79EFBC}") = "Week1.UF", "Algos\Week1.UF.csproj", "{3241E54B-91B7-49A5-A97B-01310E551170}"
EndProject
Global
	GlobalSection(SolutionConfigurationPlatforms) = preSolution
		Debug|Any CPU = Debug|Any CPU
		Release|Any CPU = Release|Any CPU
	EndGlobalSection
	GlobalSection(ProjectConfigurationPlatforms) = postSolution
		{3241E54B-91B7-49A5-A97B-01310E551170}.Debug|Any CPU.ActiveCfg = Debug|Any CPU
		{3241E54B-91B7-49A5-A97B-01310E551170}.Debug|Any CPU.Build.0 = Debug|Any CPU
		{3241E54B-91B7-49A5-A97B-01310E551170}.Release|Any CPU.ActiveCfg = Release|Any CPU
		{3241E54B-91B7-49A5-A97B-01310E551170}.Release|Any CPU.Build.0 = Release|Any CPU
	EndGlobalSection
	GlobalSection(SolutionProperties) = preSolution
		HideSolutionNode = FALSE
	EndGlobalSection
	GlobalSection(ExtensibilityGlobals) = postSolution
		SolutionGuid = {3D1FEE62-0082-44AB-BB5D-29D1E9006285}
	EndGlobalSection
EndGlobal
